# This file is automatically @generated by Cargo.
# It is not intended for manual editing.
version = 4

[[package]]
name = "common"
version = "0.1.0"

[[package]]
name = "dna"
version = "0.1.0"
dependencies = [
 "common",
]

[[package]]
name = "iprb"
version = "0.1.0"
dependencies = [
 "common",
]

[[package]]
name = "revc"
version = "0.1.0"
dependencies = [
 "common",
]

[[package]]
name = "rna"
version = "0.1.0"
dependencies = [
 "common",
]
